
Microsoft Visual Studio Solution File, Format Version 12.00
# Visual Studio 15
VisualStudioVersion = 15.0.27130.2010
MinimumVisualStudioVersion = 10.0.40219.1
Project("{FAE04EC0-301F-11D3-BF4B-00C04F79EFBC}") = "Dam.Web", "Dam.Web\Dam.Web.csproj", "{C222C25A-79D4-457C-A35E-1D5B82FC4333}"
EndProject
Project("{FAE04EC0-301F-11D3-BF4B-00C04F79EFBC}") = "Dam.Domain", "Dam.Domain\Dam.Domain.csproj", "{235A3256-5F4E-4383-BE80-44331572E42C}"
EndProject
Project("{FAE04EC0-301F-11D3-BF4B-00C04F79EFBC}") = "Dam.Infrastructure", "Dam.Infrastructure\Dam.Infrastructure.csproj", "{37E867C4-58D2-4990-B7B9-BE7E18E75593}"
EndProject
Project("{FAE04EC0-301F-11D3-BF4B-00C04F79EFBC}") = "Dam.UnitTests", "Dam.UnitTests\Dam.UnitTests.csproj", "{4846CA36-A351-4078-B376-6041D67226FF}"
EndProject
Global
	GlobalSection(SolutionConfigurationPlatforms) = preSolution
		Debug|Any CPU = Debug|Any CPU
		Release|Any CPU = Release|Any CPU
	EndGlobalSection
	GlobalSection(ProjectConfigurationPlatforms) = postSolution
		{C222C25A-79D4-457C-A35E-1D5B82FC4333}.Debug|Any CPU.ActiveCfg = Debug|Any CPU
		{C222C25A-79D4-457C-A35E-1D5B82FC4333}.Debug|Any CPU.Build.0 = Debug|Any CPU
		{C222C25A-79D4-457C-A35E-1D5B82FC4333}.Release|Any CPU.ActiveCfg = Release|Any CPU
		{C222C25A-79D4-457C-A35E-1D5B82FC4333}.Release|Any CPU.Build.0 = Release|Any CPU
		{235A3256-5F4E-4383-BE80-44331572E42C}.Debug|Any CPU.ActiveCfg = Debug|Any CPU
		{235A3256-5F4E-4383-BE80-44331572E42C}.Debug|Any CPU.Build.0 = Debug|Any CPU
		{235A3256-5F4E-4383-BE80-44331572E42C}.Release|Any CPU.ActiveCfg = Release|Any CPU
		{235A3256-5F4E-4383-BE80-44331572E42C}.Release|Any CPU.Build.0 = Release|Any CPU
		{37E867C4-58D2-4990-B7B9-BE7E18E75593}.Debug|Any CPU.ActiveCfg = Debug|Any CPU
		{37E867C4-58D2-4990-B7B9-BE7E18E75593}.Debug|Any CPU.Build.0 = Debug|Any CPU
		{37E867C4-58D2-4990-B7B9-BE7E18E75593}.Release|Any CPU.ActiveCfg = Release|Any CPU
		{37E867C4-58D2-4990-B7B9-BE7E18E75593}.Release|Any CPU.Build.0 = Release|Any CPU
		{4846CA36-A351-4078-B376-6041D67226FF}.Debug|Any CPU.ActiveCfg = Debug|Any CPU
		{4846CA36-A351-4078-B376-6041D67226FF}.Debug|Any CPU.Build.0 = Debug|Any CPU
		{4846CA36-A351-4078-B376-6041D67226FF}.Release|Any CPU.ActiveCfg = Release|Any CPU
		{4846CA36-A351-4078-B376-6041D67226FF}.Release|Any CPU.Build.0 = Release|Any CPU
	EndGlobalSection
	GlobalSection(SolutionProperties) = preSolution
		HideSolutionNode = FALSE
	EndGlobalSection
	GlobalSection(ExtensibilityGlobals) = postSolution
		SolutionGuid = {72C7E09D-E015-424B-84A2-21CA59FED473}
	EndGlobalSection
EndGlobal
